
Microsoft Visual Studio Solution File, Format Version 12.00
# Visual Studio Version 17
VisualStudioVersion = 17.11.35222.181
MinimumVisualStudioVersion = 10.0.40219.1
Project("{9A19103F-16F7-4668-BE54-9A1E7A4F7556}") = "Buoi1", "Buoi1\Buoi1.csproj", "{B057331E-70B3-4A2F-9654-96DF5AAABA68}"
EndProject
Project("{8BC9CEB8-8B4A-11D0-8D11-00A0C91BC942}") = "buoi2", "buoi2\buoi2.vcxproj", "{2E827C90-D93B-4CDE-9A81-95F93B15F274}"
EndProject
Project("{8BC9CEB8-8B4A-11D0-8D11-00A0C91BC942}") = "buoi3", "buoi3\buoi3.vcxproj", "{A9751577-538A-4D12-9C97-80324D62F214}"
EndProject
Project("{8BC9CEB8-8B4A-11D0-8D11-00A0C91BC942}") = "buoi4", "buoi4\buoi4.vcxproj", "{F76881D1-D0CA-482D-A988-FAC673A09AF4}"
EndProject
Project("{8BC9CEB8-8B4A-11D0-8D11-00A0C91BC942}") = "buoi5.1", "buoi5.1\buoi5.1.vcxproj", "{E71A996E-7571-4E91-8849-E6446F293F96}"
EndProject
Project("{8BC9CEB8-8B4A-11D0-8D11-00A0C91BC942}") = "buoi6", "buoi6\buoi6.vcxproj", "{DC4CBBCE-8C35-4652-A1DF-DCBBF6E4D7E3}"
EndProject
Project("{8BC9CEB8-8B4A-11D0-8D11-00A0C91BC942}") = "buoi7", "buoi7\buoi7.vcxproj", "{DA05F220-20BA-417E-97BC-93BA0B33EFF7}"
EndProject
Global
	GlobalSection(SolutionConfigurationPlatforms) = preSolution
		Debug|Any CPU = Debug|Any CPU
		Debug|x64 = Debug|x64
		Debug|x86 = Debug|x86
		Release|Any CPU = Release|Any CPU
		Release|x64 = Release|x64
		Release|x86 = Release|x86
	EndGlobalSection
	GlobalSection(ProjectConfigurationPlatforms) = postSolution
		{B057331E-70B3-4A2F-9654-96DF5AAABA68}.Debug|Any CPU.ActiveCfg = Debug|Any CPU
		{B057331E-70B3-4A2F-9654-96DF5AAABA68}.Debug|Any CPU.Build.0 = Debug|Any CPU
		{B057331E-70B3-4A2F-9654-96DF5AAABA68}.Debug|x64.ActiveCfg = Debug|Any CPU
		{B057331E-70B3-4A2F-9654-96DF5AAABA68}.Debug|x64.Build.0 = Debug|Any CPU
		{B057331E-70B3-4A2F-9654-96DF5AAABA68}.Debug|x86.ActiveCfg = Debug|Any CPU
		{B057331E-70B3-4A2F-9654-96DF5AAABA68}.Debug|x86.Build.0 = Debug|Any CPU
		{B057331E-70B3-4A2F-9654-96DF5AAABA68}.Release|Any CPU.ActiveCfg = Release|Any CPU
		{B057331E-70B3-4A2F-9654-96DF5AAABA68}.Release|Any CPU.Build.0 = Release|Any CPU
		{B057331E-70B3-4A2F-9654-96DF5AAABA68}.Release|x64.ActiveCfg = Release|Any CPU
		{B057331E-70B3-4A2F-9654-96DF5AAABA68}.Release|x64.Build.0 = Release|Any CPU
		{B057331E-70B3-4A2F-9654-96DF5AAABA68}.Release|x86.ActiveCfg = Release|Any CPU
		{B057331E-70B3-4A2F-9654-96DF5AAABA68}.Release|x86.Build.0 = Release|Any CPU
		{2E827C90-D93B-4CDE-9A81-95F93B15F274}.Debug|Any CPU.ActiveCfg = Debug|x64
		{2E827C90-D93B-4CDE-9A81-95F93B15F274}.Debug|Any CPU.Build.0 = Debug|x64
		{2E827C90-D93B-4CDE-9A81-95F93B15F274}.Debug|x64.ActiveCfg = Debug|x64
		{2E827C90-D93B-4CDE-9A81-95F93B15F274}.Debug|x64.Build.0 = Debug|x64
		{2E827C90-D93B-4CDE-9A81-95F93B15F274}.Debug|x86.ActiveCfg = Debug|Win32
		{2E827C90-D93B-4CDE-9A81-95F93B15F274}.Debug|x86.Build.0 = Debug|Win32
		{2E827C90-D93B-4CDE-9A81-95F93B15F274}.Release|Any CPU.ActiveCfg = Release|x64
		{2E827C90-D93B-4CDE-9A81-95F93B15F274}.Release|Any CPU.Build.0 = Release|x64
		{2E827C90-D93B-4CDE-9A81-95F93B15F274}.Release|x64.ActiveCfg = Release|x64
		{2E827C90-D93B-4CDE-9A81-95F93B15F274}.Release|x64.Build.0 = Release|x64
		{2E827C90-D93B-4CDE-9A81-95F93B15F274}.Release|x86.ActiveCfg = Release|Win32
		{2E827C90-D93B-4CDE-9A81-95F93B15F274}.Release|x86.Build.0 = Release|Win32
		{A9751577-538A-4D12-9C97-80324D62F214}.Debug|Any CPU.ActiveCfg = Debug|x64
		{A9751577-538A-4D12-9C97-80324D62F214}.Debug|Any CPU.Build.0 = Debug|x64
		{A9751577-538A-4D12-9C97-80324D62F214}.Debug|x64.ActiveCfg = Debug|x64
		{A9751577-538A-4D12-9C97-80324D62F214}.Debug|x64.Build.0 = Debug|x64
		{A9751577-538A-4D12-9C97-80324D62F214}.Debug|x86.ActiveCfg = Debug|Win32
		{A9751577-538A-4D12-9C97-80324D62F214}.Debug|x86.Build.0 = Debug|Win32
		{A9751577-538A-4D12-9C97-80324D62F214}.Release|Any CPU.ActiveCfg = Release|x64
		{A9751577-538A-4D12-9C97-80324D62F214}.Release|Any CPU.Build.0 = Release|x64
		{A9751577-538A-4D12-9C97-80324D62F214}.Release|x64.ActiveCfg = Release|x64
		{A9751577-538A-4D12-9C97-80324D62F214}.Release|x64.Build.0 = Release|x64
		{A9751577-538A-4D12-9C97-80324D62F214}.Release|x86.ActiveCfg = Release|Win32
		{A9751577-538A-4D12-9C97-80324D62F214}.Release|x86.Build.0 = Release|Win32
		{F76881D1-D0CA-482D-A988-FAC673A09AF4}.Debug|Any CPU.ActiveCfg = Debug|x64
		{F76881D1-D0CA-482D-A988-FAC673A09AF4}.Debug|Any CPU.Build.0 = Debug|x64
		{F76881D1-D0CA-482D-A988-FAC673A09AF4}.Debug|x64.ActiveCfg = Debug|x64
		{F76881D1-D0CA-482D-A988-FAC673A09AF4}.Debug|x64.Build.0 = Debug|x64
		{F76881D1-D0CA-482D-A988-FAC673A09AF4}.Debug|x86.ActiveCfg = Debug|Win32
		{F76881D1-D0CA-482D-A988-FAC673A09AF4}.Debug|x86.Build.0 = Debug|Win32
		{F76881D1-D0CA-482D-A988-FAC673A09AF4}.Release|Any CPU.ActiveCfg = Release|x64
		{F76881D1-D0CA-482D-A988-FAC673A09AF4}.Release|Any CPU.Build.0 = Release|x64
		{F76881D1-D0CA-482D-A988-FAC673A09AF4}.Release|x64.ActiveCfg = Release|x64
		{F76881D1-D0CA-482D-A988-FAC673A09AF4}.Release|x64.Build.0 = Release|x64
		{F76881D1-D0CA-482D-A988-FAC673A09AF4}.Release|x86.ActiveCfg = Release|Win32
		{F76881D1-D0CA-482D-A988-FAC673A09AF4}.Release|x86.Build.0 = Release|Win32
		{E71A996E-7571-4E91-8849-E6446F293F96}.Debug|Any CPU.ActiveCfg = Debug|x64
		{E71A996E-7571-4E91-8849-E6446F293F96}.Debug|Any CPU.Build.0 = Debug|x64
		{E71A996E-7571-4E91-8849-E6446F293F96}.Debug|x64.ActiveCfg = Debug|x64
		{E71A996E-7571-4E91-8849-E6446F293F96}.Debug|x64.Build.0 = Debug|x64
		{E71A996E-7571-4E91-8849-E6446F293F96}.Debug|x86.ActiveCfg = Debug|Win32
		{E71A996E-7571-4E91-8849-E6446F293F96}.Debug|x86.Build.0 = Debug|Win32
		{E71A996E-7571-4E91-8849-E6446F293F96}.Release|Any CPU.ActiveCfg = Release|x64
		{E71A996E-7571-4E91-8849-E6446F293F96}.Release|Any CPU.Build.0 = Release|x64
		{E71A996E-7571-4E91-8849-E6446F293F96}.Release|x64.ActiveCfg = Release|x64
		{E71A996E-7571-4E91-8849-E6446F293F96}.Release|x64.Build.0 = Release|x64
		{E71A996E-7571-4E91-8849-E6446F293F96}.Release|x86.ActiveCfg = Release|Win32
		{E71A996E-7571-4E91-8849-E6446F293F96}.Release|x86.Build.0 = Release|Win32
		{DC4CBBCE-8C35-4652-A1DF-DCBBF6E4D7E3}.Debug|Any CPU.ActiveCfg = Debug|x64
		{DC4CBBCE-8C35-4652-A1DF-DCBBF6E4D7E3}.Debug|Any CPU.Build.0 = Debug|x64
		{DC4CBBCE-8C35-4652-A1DF-DCBBF6E4D7E3}.Debug|x64.ActiveCfg = Debug|x64
		{DC4CBBCE-8C35-4652-A1DF-DCBBF6E4D7E3}.Debug|x64.Build.0 = Debug|x64
		{DC4CBBCE-8C35-4652-A1DF-DCBBF6E4D7E3}.Debug|x86.ActiveCfg = Debug|Win32
		{DC4CBBCE-8C35-4652-A1DF-DCBBF6E4D7E3}.Debug|x86.Build.0 = Debug|Win32
		{DC4CBBCE-8C35-4652-A1DF-DCBBF6E4D7E3}.Release|Any CPU.ActiveCfg = Release|x64
		{DC4CBBCE-8C35-4652-A1DF-DCBBF6E4D7E3}.Release|Any CPU.Build.0 = Release|x64
		{DC4CBBCE-8C35-4652-A1DF-DCBBF6E4D7E3}.Release|x64.ActiveCfg = Release|x64
		{DC4CBBCE-8C35-4652-A1DF-DCBBF6E4D7E3}.Release|x64.Build.0 = Release|x64
		{DC4CBBCE-8C35-4652-A1DF-DCBBF6E4D7E3}.Release|x86.ActiveCfg = Release|Win32
		{DC4CBBCE-8C35-4652-A1DF-DCBBF6E4D7E3}.Release|x86.Build.0 = Release|Win32
		{DA05F220-20BA-417E-97BC-93BA0B33EFF7}.Debug|Any CPU.ActiveCfg = Debug|x64
		{DA05F220-20BA-417E-97BC-93BA0B33EFF7}.Debug|Any CPU.Build.0 = Debug|x64
		{DA05F220-20BA-417E-97BC-93BA0B33EFF7}.Debug|x64.ActiveCfg = Debug|x64
		{DA05F220-20BA-417E-97BC-93BA0B33EFF7}.Debug|x64.Build.0 = Debug|x64
		{DA05F220-20BA-417E-97BC-93BA0B33EFF7}.Debug|x86.ActiveCfg = Debug|Win32
		{DA05F220-20BA-417E-97BC-93BA0B33EFF7}.Debug|x86.Build.0 = Debug|Win32
		{DA05F220-20BA-417E-97BC-93BA0B33EFF7}.Release|Any CPU.ActiveCfg = Release|x64
		{DA05F220-20BA-417E-97BC-93BA0B33EFF7}.Release|Any CPU.Build.0 = Release|x64
		{DA05F220-20BA-417E-97BC-93BA0B33EFF7}.Release|x64.ActiveCfg = Release|x64
		{DA05F220-20BA-417E-97BC-93BA0B33EFF7}.Release|x64.Build.0 = Release|x64
		{DA05F220-20BA-417E-97BC-93BA0B33EFF7}.Release|x86.ActiveCfg = Release|Win32
		{DA05F220-20BA-417E-97BC-93BA0B33EFF7}.Release|x86.Build.0 = Release|Win32
	EndGlobalSection
	GlobalSection(SolutionProperties) = preSolution
		HideSolutionNode = FALSE
	EndGlobalSection
	GlobalSection(ExtensibilityGlobals) = postSolution
		SolutionGuid = {7455B5F6-0BAF-4085-8602-CB127149AE12}
	EndGlobalSection
EndGlobal
