
Microsoft Visual Studio Solution File, Format Version 12.00
# Visual Studio Version 17
VisualStudioVersion = 17.11.35222.181
MinimumVisualStudioVersion = 10.0.40219.1
Project("{FAE04EC0-301F-11D3-BF4B-00C04F79EFBC}") = "Buoi1", "Buoi1\Buoi1.csproj", "{B057331E-70B3-4A2F-9654-96DF5AAABA68}"
EndProject
Global
	GlobalSection(SolutionConfigurationPlatforms) = preSolution
		Debug|Any CPU = Debug|Any CPU
		Release|Any CPU = Release|Any CPU
	EndGlobalSection
	GlobalSection(ProjectConfigurationPlatforms) = postSolution
		{B057331E-70B3-4A2F-9654-96DF5AAABA68}.Debug|Any CPU.ActiveCfg = Debug|Any CPU
		{B057331E-70B3-4A2F-9654-96DF5AAABA68}.Debug|Any CPU.Build.0 = Debug|Any CPU
		{B057331E-70B3-4A2F-9654-96DF5AAABA68}.Release|Any CPU.ActiveCfg = Release|Any CPU
		{B057331E-70B3-4A2F-9654-96DF5AAABA68}.Release|Any CPU.Build.0 = Release|Any CPU
	EndGlobalSection
	GlobalSection(SolutionProperties) = preSolution
		HideSolutionNode = FALSE
	EndGlobalSection
	GlobalSection(ExtensibilityGlobals) = postSolution
		SolutionGuid = {7455B5F6-0BAF-4085-8602-CB127149AE12}
	EndGlobalSection
EndGlobal
